
Microsoft Visual Studio Solution File, Format Version 12.00
# Visual Studio Version 17
VisualStudioVersion = 17.7.34202.233
MinimumVisualStudioVersion = 10.0.40219.1
Project("{FAE04EC0-301F-11D3-BF4B-00C04F79EFBC}") = "Working with generic classes", "Working with generic classes\Working with generic classes.csproj", "{E975B8F6-3CF1-46CD-B001-C0F1D57EF100}"
EndProject
Global
	GlobalSection(SolutionConfigurationPlatforms) = preSolution
		Debug|Any CPU = Debug|Any CPU
		Release|Any CPU = Release|Any CPU
	EndGlobalSection
	GlobalSection(ProjectConfigurationPlatforms) = postSolution
		{E975B8F6-3CF1-46CD-B001-C0F1D57EF100}.Debug|Any CPU.ActiveCfg = Debug|Any CPU
		{E975B8F6-3CF1-46CD-B001-C0F1D57EF100}.Debug|Any CPU.Build.0 = Debug|Any CPU
		{E975B8F6-3CF1-46CD-B001-C0F1D57EF100}.Release|Any CPU.ActiveCfg = Release|Any CPU
		{E975B8F6-3CF1-46CD-B001-C0F1D57EF100}.Release|Any CPU.Build.0 = Release|Any CPU
	EndGlobalSection
	GlobalSection(SolutionProperties) = preSolution
		HideSolutionNode = FALSE
	EndGlobalSection
	GlobalSection(ExtensibilityGlobals) = postSolution
		SolutionGuid = {01562F20-D151-423B-9052-23024E2887C4}
	EndGlobalSection
EndGlobal
